
Microsoft Visual Studio Solution File, Format Version 12.00
# Visual Studio Version 16
VisualStudioVersion = 16.0.30611.23
MinimumVisualStudioVersion = 10.0.40219.1
Project("{FAE04EC0-301F-11D3-BF4B-00C04F79EFBC}") = "ThucHanhGitLogin", "ThucHanhGitLogin\ThucHanhGitLogin.csproj", "{DD5D7016-801E-4591-98B9-3923BFED3532}"
EndProject
Global
	GlobalSection(SolutionConfigurationPlatforms) = preSolution
		Debug|Any CPU = Debug|Any CPU
		Release|Any CPU = Release|Any CPU
	EndGlobalSection
	GlobalSection(ProjectConfigurationPlatforms) = postSolution
		{DD5D7016-801E-4591-98B9-3923BFED3532}.Debug|Any CPU.ActiveCfg = Debug|Any CPU
		{DD5D7016-801E-4591-98B9-3923BFED3532}.Debug|Any CPU.Build.0 = Debug|Any CPU
		{DD5D7016-801E-4591-98B9-3923BFED3532}.Release|Any CPU.ActiveCfg = Release|Any CPU
		{DD5D7016-801E-4591-98B9-3923BFED3532}.Release|Any CPU.Build.0 = Release|Any CPU
	EndGlobalSection
	GlobalSection(SolutionProperties) = preSolution
		HideSolutionNode = FALSE
	EndGlobalSection
	GlobalSection(ExtensibilityGlobals) = postSolution
		SolutionGuid = {4149F25C-805E-43E3-BF30-DA17CEEAB345}
	EndGlobalSection
EndGlobal
